// !$*UTF8*$!
{
	archiveVersion = 1;
	classes = {
	};
	objectVersion = 77;
	objects = {

/* Begin PBXContainerItemProxy section */
		CC10EBF42FD7207F00FCF3F7 /* PBXContainerItemProxy */ = {
			isa = PBXContainerItemProxy;
			containerPortal = CC10EBDE2FD7207B00FCF3F7 /* Project object */;
			proxyType = 1;
			remoteGlobalIDString = CC10EBE52FD7207B00FCF3F7;
			remoteInfo = FlowTakt;
		};
		CC10EBFE2FD7207F00FCF3F7 /* PBXContainerItemProxy */ = {
			isa = PBXContainerItemProxy;
			containerPortal = CC10EBDE2FD7207B00FCF3F7 /* Project object */;
			proxyType = 1;
			remoteGlobalIDString = CC10EBE52FD7207B00FCF3F7;
			remoteInfo = FlowTakt;
		};
/* End PBXContainerItemProxy section */

/* Begin PBXFileReference section */
		CC10EBE62FD7207B00FCF3F7 /* FlowTakt.app */ = {isa = PBXFileReference; explicitFileType = wrapper.application; includeInIndex = 0; path = FlowTakt.app; sourceTree = BUILT_PRODUCTS_DIR; };
		CC10EBF32FD7207F00FCF3F7 /* FlowTaktTests.xctest */ = {isa = PBXFileReference; explicitFileType = wrapper.cfbundle; includeInIndex = 0; path = FlowTaktTests.xctest; sourceTree = BUILT_PRODUCTS_DIR; };
		CC10EBFD2FD7207F00FCF3F7 /* FlowTaktUITests.xctest */ = {isa = PBXFileReference; explicitFileType = wrapper.cfbundle; includeInIndex = 0; path = FlowTaktUITests.xctest; sourceTree = BUILT_PRODUCTS_DIR; };
/* End PBXFileReference section */

/* Begin PBXFileSystemSynchronizedRootGroup section */
		CC10EBE82FD7207B00FCF3F7 /* FlowTakt */ = {
			isa = PBXFileSystemSynchronizedRootGroup;
			path = FlowTakt;
			sourceTree = "<group>";
		};
		CC10EBF62FD7207F00FCF3F7 /* FlowTaktTests */ = {
			isa = PBXFileSystemSynchronizedRootGroup;
			path = FlowTaktTests;
			sourceTree = "<group>";
		};
		CC10EC002FD7207F00FCF3F7 /* FlowTaktUITests */ = {
			isa = PBXFileSystemSynchronizedRootGroup;
			path = FlowTaktUITests;
			sourceTree = "<group>";
		};
/* End PBXFileSystemSynchronizedRootGroup section */

/* Begin PBXFrameworksBuildPhase section */
		CC10EBE32FD7207B00FCF3F7 /* Frameworks */ = {
			isa = PBXFrameworksBuildPhase;
			buildActionMask = 2147483647;
			files = (
			);
			runOnlyForDeploymentPostprocessing = 0;
		};
		CC10EBF02FD7207F00FCF3F7 /* Frameworks */ = {
			isa = PBXFrameworksBuildPhase;
			buildActionMask = 2147483647;
			files = (
			);
			runOnlyForDeploymentPostprocessing = 0;
		};
		CC10EBFA2FD7207F00FCF3F7 /* Frameworks */ = {
			isa = PBXFrameworksBuildPhase;
			buildActionMask = 2147483647;
			files = (
			);
			runOnlyForDeploymentPostprocessing = 0;
		};
/* End PBXFrameworksBuildPhase section */

/* Begin PBXGroup section */
		CC10EBDD2FD7207B00FCF3F7 = {
			isa = PBXGroup;
			children = (
				CC10EBE82FD7207B00FCF3F7 /* FlowTakt */,
				CC10EBF62FD7207F00FCF3F7 /* FlowTaktTests */,
				CC10EC002FD7207F00FCF3F7 /* FlowTaktUITests */,
				CC10EBE72FD7207B00FCF3F7 /* Products */,
			);
			sourceTree = "<group>";
		};
		CC10EBE72FD7207B00FCF3F7 /* Products */ = {
			isa = PBXGroup;
			children = (
				CC10EBE62FD7207B00FCF3F7 /* FlowTakt.app */,
				CC10EBF32FD7207F00FCF3F7 /* FlowTaktTests.xctest */,
				CC10EBFD2FD7207F00FCF3F7 /* FlowTaktUITests.xctest */,
			);
			name = Products;
			sourceTree = "<group>";
		};
/* End PBXGroup section */

/* Begin PBXNativeTarget section */
		CC10EBE52FD7207B00FCF3F7 /* FlowTakt */ = {
			isa = PBXNativeTarget;
			buildConfigurationList = CC10EC072FD7207F00FCF3F7 /* Build configuration list for PBXNativeTarget "FlowTakt" */;
			buildPhases = (
				CC10EBE22FD7207B00FCF3F7 /* Sources */,
				CC10EBE32FD7207B00FCF3F7 /* Frameworks */,
				CC10EBE42FD7207B00FCF3F7 /* Resources */,
			);
			buildRules = (
			);
			dependencies = (
			);
			fileSystemSynchronizedGroups = (
				CC10EBE82FD7207B00FCF3F7 /* FlowTakt */,
			);
			name = FlowTakt;
			packageProductDependencies = (
			);
			productName = FlowTakt;
			productReference = CC10EBE62FD7207B00FCF3F7 /* FlowTakt.app */;
			productType = "com.apple.product-type.application";
		};
		CC10EBF22FD7207F00FCF3F7 /* FlowTaktTests */ = {
			isa = PBXNativeTarget;
			buildConfigurationList = CC10EC0A2FD7207F00FCF3F7 /* Build configuration list for PBXNativeTarget "FlowTaktTests" */;
			buildPhases = (
				CC10EBEF2FD7207F00FCF3F7 /* Sources */,
				CC10EBF02FD7207F00FCF3F7 /* Frameworks */,
				CC10EBF12FD7207F00FCF3F7 /* Resources */,
			);
			buildRules = (
			);
			dependencies = (
				CC10EBF52FD7207F00FCF3F7 /* PBXTargetDependency */,
			);
			fileSystemSynchronizedGroups = (
				CC10EBF62FD7207F00FCF3F7 /* FlowTaktTests */,
			);
			name = FlowTaktTests;
			packageProductDependencies = (
			);
			productName = FlowTaktTests;
			productReference = CC10EBF32FD7207F00FCF3F7 /* FlowTaktTests.xctest */;
			productType = "com.apple.product-type.bundle.unit-test";
		};
		CC10EBFC2FD7207F00FCF3F7 /* FlowTaktUITests */ = {
			isa = PBXNativeTarget;
			buildConfigurationList = CC10EC0D2FD7207F00FCF3F7 /* Build configuration list for PBXNativeTarget "FlowTaktUITests" */;
			buildPhases = (
				CC10EBF92FD7207F00FCF3F7 /* Sources */,
				CC10EBFA2FD7207F00FCF3F7 /* Frameworks */,
				CC10EBFB2FD7207F00FCF3F7 /* Resources */,
			);
			buildRules = (
			);
			dependencies = (
				CC10EBFF2FD7207F00FCF3F7 /* PBXTargetDependency */,
			);
			fileSystemSynchronizedGroups = (
				CC10EC002FD7207F00FCF3F7 /* FlowTaktUITests */,
			);
			name = FlowTaktUITests;
			packageProductDependencies = (
			);
			productName = FlowTaktUITests;
			productReference = CC10EBFD2FD7207F00FCF3F7 /* FlowTaktUITests.xctest */;
			productType = "com.apple.product-type.bundle.ui-testing";
		};
/* End PBXNativeTarget section */

/* Begin PBXProject section */
		CC10EBDE2FD7207B00FCF3F7 /* Project object */ = {
			isa = PBXProject;
			attributes = {
				BuildIndependentTargetsInParallel = 1;
				LastSwiftUpdateCheck = 2650;
				LastUpgradeCheck = 2650;
				TargetAttributes = {
					CC10EBE52FD7207B00FCF3F7 = {
						CreatedOnToolsVersion = 26.5;
					};
					CC10EBF22FD7207F00FCF3F7 = {
						CreatedOnToolsVersion = 26.5;
						TestTargetID = CC10EBE52FD7207B00FCF3F7;
					};
					CC10EBFC2FD7207F00FCF3F7 = {
						CreatedOnToolsVersion = 26.5;
						TestTargetID = CC10EBE52FD7207B00FCF3F7;
					};
				};
			};
			buildConfigurationList = CC10EBE12FD7207B00FCF3F7 /* Build configuration list for PBXProject "FlowTakt" */;
			developmentRegion = en;
			hasScannedForEncodings = 0;
			knownRegions = (
				en,
				Base,
			);
			mainGroup = CC10EBDD2FD7207B00FCF3F7;
			minimizedProjectReferenceProxies = 1;
			preferredProjectObjectVersion = 77;
			productRefGroup = CC10EBE72FD7207B00FCF3F7 /* Products */;
			projectDirPath = "";
			projectRoot = "";
			targets = (
				CC10EBE52FD7207B00FCF3F7 /* FlowTakt */,
				CC10EBF22FD7207F00FCF3F7 /* FlowTaktTests */,
				CC10EBFC2FD7207F00FCF3F7 /* FlowTaktUITests */,
			);
		};
/* End PBXProject section */

/* Begin PBXResourcesBuildPhase section */
		CC10EBE42FD7207B00FCF3F7 /* Resources */ = {
			isa = PBXResourcesBuildPhase;
			buildActionMask = 2147483647;
			files = (
			);
			runOnlyForDeploymentPostprocessing = 0;
		};
		CC10EBF12FD7207F00FCF3F7 /* Resources */ = {
			isa = PBXResourcesBuildPhase;
			buildActionMask = 2147483647;
			files = (
			);
			runOnlyForDeploymentPostprocessing = 0;
		};
		CC10EBFB2FD7207F00FCF3F7 /* Resources */ = {
			isa = PBXResourcesBuildPhase;
			buildActionMask = 2147483647;
			files = (
			);
			runOnlyForDeploymentPostprocessing = 0;
		};
/* End PBXResourcesBuildPhase section */

/* Begin PBXSourcesBuildPhase section */
		CC10EBE22FD7207B00FCF3F7 /* Sources */ = {
			isa = PBXSourcesBuildPhase;
			buildActionMask = 2147483647;
			files = (
			);
			runOnlyForDeploymentPostprocessing = 0;
		};
		CC10EBEF2FD7207F00FCF3F7 /* Sources */ = {
			isa = PBXSourcesBuildPhase;
			buildActionMask = 2147483647;
			files = (
			);
			runOnlyForDeploymentPostprocessing = 0;
		};
		CC10EBF92FD7207F00FCF3F7 /* Sources */ = {
			isa = PBXSourcesBuildPhase;
			buildActionMask = 2147483647;
			files = (
			);
			runOnlyForDeploymentPostprocessing = 0;
		};
/* End PBXSourcesBuildPhase section */

/* Begin PBXTargetDependency section */
		CC10EBF52FD7207F00FCF3F7 /* PBXTargetDependency */ = {
			isa = PBXTargetDependency;
			target = CC10EBE52FD7207B00FCF3F7 /* FlowTakt */;
			targetProxy = CC10EBF42FD7207F00FCF3F7 /* PBXContainerItemProxy */;
		};
		CC10EBFF2FD7207F00FCF3F7 /* PBXTargetDependency */ = {
			isa = PBXTargetDependency;
			target = CC10EBE52FD7207B00FCF3F7 /* FlowTakt */;
			targetProxy = CC10EBFE2FD7207F00FCF3F7 /* PBXContainerItemProxy */;
		};
/* End PBXTargetDependency section */

/* Begin XCBuildConfiguration section */
		CC10EC052FD7207F00FCF3F7 /* Debug */ = {
			isa = XCBuildConfiguration;
			buildSettings = {
				ALWAYS_SEARCH_USER_PATHS = NO;
				ASSETCATALOG_COMPILER_GENERATE_SWIFT_ASSET_SYMBOL_EXTENSIONS = YES;
				CLANG_ANALYZER_NONNULL = YES;
				CLANG_ANALYZER_NUMBER_OBJECT_CONVERSION = YES_AGGRESSIVE;
				CLANG_CXX_LANGUAGE_STANDARD = "gnu++20";
				CLANG_ENABLE_MODULES = YES;
				CLANG_ENABLE_OBJC_ARC = YES;
				CLANG_ENABLE_OBJC_WEAK = YES;
				CLANG_WARN_BLOCK_CAPTURE_AUTORELEASING = YES;
				CLANG_WARN_BOOL_CONVERSION = YES;
				CLANG_WARN_COMMA = YES;
				CLANG_WARN_CONSTANT_CONVERSION = YES;
				CLANG_WARN_DEPRECATED_OBJC_IMPLEMENTATIONS = YES;
				CLANG_WARN_DIRECT_OBJC_ISA_USAGE = YES_ERROR;
				CLANG_WARN_DOCUMENTATION_COMMENTS = YES;
				CLANG_WARN_EMPTY_BODY = YES;
				CLANG_WARN_ENUM_CONVERSION = YES;
				CLANG_WARN_INFINITE_RECURSION = YES;
				CLANG_WARN_INT_CONVERSION = YES;
				CLANG_WARN_NON_LITERAL_NULL_CONVERSION = YES;
				CLANG_WARN_OBJC_IMPLICIT_RETAIN_SELF = YES;
				CLANG_WARN_OBJC_LITERAL_CONVERSION = YES;
				CLANG_WARN_OBJC_ROOT_CLASS = YES_ERROR;
				CLANG_WARN_QUOTED_INCLUDE_IN_FRAMEWORK_HEADER = YES;
				CLANG_WARN_RANGE_LOOP_ANALYSIS = YES;
				CLANG_WARN_STRICT_PROTOTYPES = YES;
				CLANG_WARN_SUSPICIOUS_MOVE = YES;
				CLANG_WARN_UNGUARDED_AVAILABILITY = YES_AGGRESSIVE;
				CLANG_WARN_UNREACHABLE_CODE = YES;
				CLANG_WARN__DUPLICATE_METHOD_MATCH = YES;
				COPY_PHASE_STRIP = NO;
				DEBUG_INFORMATION_FORMAT = dwarf;
				DEVELOPMENT_TEAM = CGVP85UZ44;
				ENABLE_STRICT_OBJC_MSGSEND = YES;
				ENABLE_TESTABILITY = YES;
				ENABLE_USER_SCRIPT_SANDBOXING = YES;
				GCC_C_LANGUAGE_STANDARD = gnu17;
				GCC_DYNAMIC_NO_PIC = NO;
				GCC_NO_COMMON_BLOCKS = YES;
				GCC_OPTIMIZATION_LEVEL = 0;
				GCC_PREPROCESSOR_DEFINITIONS = (
					"DEBUG=1",
					"$(inherited)",
				);
				GCC_WARN_64_TO_32_BIT_CONVERSION = YES;
				GCC_WARN_ABOUT_RETURN_TYPE = YES_ERROR;
				GCC_WARN_UNDECLARED_SELECTOR = YES;
				GCC_WARN_UNINITIALIZED_AUTOS = YES_AGGRESSIVE;
				GCC_WARN_UNUSED_FUNCTION = YES;
				GCC_WARN_UNUSED_VARIABLE = YES;
				IPHONEOS_DEPLOYMENT_TARGET = 16.0;
				LOCALIZATION_PREFERS_STRING_CATALOGS = YES;
				MTL_ENABLE_DEBUG_INFO = INCLUDE_SOURCE;
				MTL_FAST_MATH = YES;
				ONLY_ACTIVE_ARCH = YES;
				SDKROOT = iphoneos;
				SWIFT_ACTIVE_COMPILATION_CONDITIONS = "DEBUG $(inherited)";
				SWIFT_OPTIMIZATION_LEVEL = "-Onone";
			};
			name = Debug;
		};
		CC10EC062FD7207F00FCF3F7 /* Release */ = {
			isa = XCBuildConfiguration;
			buildSettings = {
				ALWAYS_SEARCH_USER_PATHS = NO;
				ASSETCATALOG_COMPILER_GENERATE_SWIFT_ASSET_SYMBOL_EXTENSIONS = YES;
				CLANG_ANALYZER_NONNULL = YES;
				CLANG_ANALYZER_NUMBER_OBJECT_CONVERSION = YES_AGGRESSIVE;
				CLANG_CXX_LANGUAGE_STANDARD = "gnu++20";
				CLANG_ENABLE_MODULES = YES;
				CLANG_ENABLE_OBJC_ARC = YES;
				CLANG_ENABLE_OBJC_WEAK = YES;
				CLANG_WARN_BLOCK_CAPTURE_AUTORELEASING = YES;
				CLANG_WARN_BOOL_CONVERSION = YES;
				CLANG_WARN_COMMA = YES;
				CLANG_WARN_CONSTANT_CONVERSION = YES;
				CLANG_WARN_DEPRECATED_OBJC_IMPLEMENTATIONS = YES;
				CLANG_WARN_DIRECT_OBJC_ISA_USAGE = YES_ERROR;
				CLANG_WARN_DOCUMENTATION_COMMENTS = YES;
				CLANG_WARN_EMPTY_BODY = YES;
				CLANG_WARN_ENUM_CONVERSION = YES;
				CLANG_WARN_INFINITE_RECURSION = YES;
				CLANG_WARN_INT_CONVERSION = YES;
				CLANG_WARN_NON_LITERAL_NULL_CONVERSION = YES;
				CLANG_WARN_OBJC_IMPLICIT_RETAIN_SELF = YES;
				CLANG_WARN_OBJC_LITERAL_CONVERSION = YES;
				CLANG_WARN_OBJC_ROOT_CLASS = YES_ERROR;
				CLANG_WARN_QUOTED_INCLUDE_IN_FRAMEWORK_HEADER = YES;
				CLANG_WARN_RANGE_LOOP_ANALYSIS = YES;
				CLANG_WARN_STRICT_PROTOTYPES = YES;
				CLANG_WARN_SUSPICIOUS_MOVE = YES;
				CLANG_WARN_UNGUARDED_AVAILABILITY = YES_AGGRESSIVE;
				CLANG_WARN_UNREACHABLE_CODE = YES;
				CLANG_WARN__DUPLICATE_METHOD_MATCH = YES;
				COPY_PHASE_STRIP = NO;
				DEBUG_INFORMATION_FORMAT = "dwarf-with-dsym";
				DEVELOPMENT_TEAM = CGVP85UZ44;
				ENABLE_NS_ASSERTIONS = NO;
				ENABLE_STRICT_OBJC_MSGSEND = YES;
				ENABLE_USER_SCRIPT_SANDBOXING = YES;
				GCC_C_LANGUAGE_STANDARD = gnu17;
				GCC_NO_COMMON_BLOCKS = YES;
				GCC_WARN_64_TO_32_BIT_CONVERSION = YES;
				GCC_WARN_ABOUT_RETURN_TYPE = YES_ERROR;
				GCC_WARN_UNDECLARED_SELECTOR = YES;
				GCC_WARN_UNINITIALIZED_AUTOS = YES_AGGRESSIVE;
				GCC_WARN_UNUSED_FUNCTION = YES;
				GCC_WARN_UNUSED_VARIABLE = YES;
				IPHONEOS_DEPLOYMENT_TARGET = 16.0;
				LOCALIZATION_PREFERS_STRING_CATALOGS = YES;
				MTL_ENABLE_DEBUG_INFO = NO;
				MTL_FAST_MATH = YES;
				SDKROOT = iphoneos;
				SWIFT_COMPILATION_MODE = wholemodule;
				VALIDATE_PRODUCT = YES;
			};
			name = Release;
		};
		CC10EC082FD7207F00FCF3F7 /* Debug */ = {
			isa = XCBuildConfiguration;
			buildSettings = {
				APP_GROUP_IDENTIFIERS = group.com.flowtakt;
				ASSETCATALOG_COMPILER_APPICON_NAME = AppIcon;
				ASSETCATALOG_COMPILER_GLOBAL_ACCENT_COLOR_NAME = AccentColor;
				CODE_SIGN_ENTITLEMENTS = FlowTakt/FlowTakt.entitlements;
				CODE_SIGN_STYLE = Automatic;
				CODE_SIGN_ENTITLEMENTS = FlowTakt/FlowTakt.entitlements;
				CURRENT_PROJECT_VERSION = 2;
				DEVELOPMENT_TEAM = CGVP85UZ44;
				ENABLE_PREVIEWS = YES;
				GENERATE_INFOPLIST_FILE = YES;
				ICLOUD_IDENTIFIER = iCloud.com.flowtakt;
				INFOPLIST_KEY_UIApplicationSceneManifest_Generation = YES;
				INFOPLIST_KEY_UIApplicationSupportsIndirectInputEvents = YES;
				INFOPLIST_KEY_UIBackgroundModes = "audio fetch remote-notification";
				INFOPLIST_KEY_UILaunchScreen_Generation = YES;
				INFOPLIST_KEY_UISupportedInterfaceOrientations_iPad = "UIInterfaceOrientationPortrait UIInterfaceOrientationPortraitUpsideDown UIInterfaceOrientationLandscapeLeft UIInterfaceOrientationLandscapeRight";
				INFOPLIST_KEY_UISupportedInterfaceOrientations_iPhone = "UIInterfaceOrientationPortrait UIInterfaceOrientationLandscapeLeft UIInterfaceOrientationLandscapeRight";
				LD_RUNPATH_SEARCH_PATHS = (
					"$(inherited)",
					"@executable_path/Frameworks",
				);
				MARKETING_VERSION = 1.0;
				PRODUCT_BUNDLE_IDENTIFIER = com.flowtakt.FlowTakt;
				PRODUCT_NAME = "$(TARGET_NAME)";
				STRING_CATALOG_GENERATE_SYMBOLS = YES;
				SWIFT_APPROACHABLE_CONCURRENCY = YES;
				SWIFT_DEFAULT_ACTOR_ISOLATION = MainActor;
				SWIFT_EMIT_LOC_STRINGS = NO;
				APP_INTENTS_METADATA_EXTRACTION = NO;
				SWIFT_UPCOMING_FEATURE_MEMBER_IMPORT_VISIBILITY = YES;
				SWIFT_VERSION = 5.0;
				TARGETED_DEVICE_FAMILY = "1,2";
			};
			name = Debug;
		};
		CC10EC092FD7207F00FCF3F7 /* Release */ = {
			isa = XCBuildConfiguration;
			buildSettings = {
				APP_GROUP_IDENTIFIERS = group.com.flowtakt;
				ASSETCATALOG_COMPILER_APPICON_NAME = AppIcon;
				ASSETCATALOG_COMPILER_GLOBAL_ACCENT_COLOR_NAME = AccentColor;
				CODE_SIGN_ENTITLEMENTS = FlowTakt/FlowTakt.entitlements;
				CODE_SIGN_STYLE = Automatic;
				CODE_SIGN_ENTITLEMENTS = FlowTakt/FlowTakt.entitlements;
				CURRENT_PROJECT_VERSION = 2;
				DEVELOPMENT_TEAM = CGVP85UZ44;
				ENABLE_PREVIEWS = YES;
				GENERATE_INFOPLIST_FILE = YES;
				ICLOUD_IDENTIFIER = iCloud.com.flowtakt;
				INFOPLIST_KEY_UIApplicationSceneManifest_Generation = YES;
				INFOPLIST_KEY_UIApplicationSupportsIndirectInputEvents = YES;
				INFOPLIST_KEY_UIBackgroundModes = "audio fetch remote-notification";
				INFOPLIST_KEY_UILaunchScreen_Generation = YES;
				INFOPLIST_KEY_UISupportedInterfaceOrientations_iPad = "UIInterfaceOrientationPortrait UIInterfaceOrientationPortraitUpsideDown UIInterfaceOrientationLandscapeLeft UIInterfaceOrientationLandscapeRight";
				INFOPLIST_KEY_UISupportedInterfaceOrientations_iPhone = "UIInterfaceOrientationPortrait UIInterfaceOrientationLandscapeLeft UIInterfaceOrientationLandscapeRight";
				LD_RUNPATH_SEARCH_PATHS = (
					"$(inherited)",
					"@executable_path/Frameworks",
				);
				MARKETING_VERSION = 1.0;
				PRODUCT_BUNDLE_IDENTIFIER = com.flowtakt.FlowTakt;
				PRODUCT_NAME = "$(TARGET_NAME)";
				STRING_CATALOG_GENERATE_SYMBOLS = YES;
				SWIFT_APPROACHABLE_CONCURRENCY = YES;
				SWIFT_DEFAULT_ACTOR_ISOLATION = MainActor;
				SWIFT_EMIT_LOC_STRINGS = NO;
				APP_INTENTS_METADATA_EXTRACTION = NO;
				SWIFT_UPCOMING_FEATURE_MEMBER_IMPORT_VISIBILITY = YES;
				SWIFT_VERSION = 5.0;
				TARGETED_DEVICE_FAMILY = "1,2";
			};
			name = Release;
		};
		CC10EC0B2FD7207F00FCF3F7 /* Debug */ = {
			isa = XCBuildConfiguration;
			buildSettings = {
				BUNDLE_LOADER = "$(TEST_HOST)";
				CODE_SIGN_STYLE = Automatic;
				CODE_SIGN_ENTITLEMENTS = FlowTakt/FlowTakt.entitlements;
				CURRENT_PROJECT_VERSION = 2;
				DEVELOPMENT_TEAM = CGVP85UZ44;
				GENERATE_INFOPLIST_FILE = YES;
				IPHONEOS_DEPLOYMENT_TARGET = 16.0;
				MARKETING_VERSION = 1.0;
				PRODUCT_BUNDLE_IDENTIFIER = com.flowtakt.FlowTaktTests;
				PRODUCT_NAME = "$(TARGET_NAME)";
				STRING_CATALOG_GENERATE_SYMBOLS = NO;
				SWIFT_APPROACHABLE_CONCURRENCY = YES;
				SWIFT_EMIT_LOC_STRINGS = NO;
				APP_INTENTS_METADATA_EXTRACTION = NO;
				SWIFT_UPCOMING_FEATURE_MEMBER_IMPORT_VISIBILITY = YES;
				SWIFT_VERSION = 5.0;
				TARGETED_DEVICE_FAMILY = "1,2";
				TEST_HOST = "$(BUILT_PRODUCTS_DIR)/FlowTakt.app/$(BUNDLE_EXECUTABLE_FOLDER_PATH)/FlowTakt";
			};
			name = Debug;
		};
		CC10EC0C2FD7207F00FCF3F7 /* Release */ = {
			isa = XCBuildConfiguration;
			buildSettings = {
				BUNDLE_LOADER = "$(TEST_HOST)";
				CODE_SIGN_STYLE = Automatic;
				CODE_SIGN_ENTITLEMENTS = FlowTakt/FlowTakt.entitlements;
				CURRENT_PROJECT_VERSION = 2;
				DEVELOPMENT_TEAM = CGVP85UZ44;
				GENERATE_INFOPLIST_FILE = YES;
				IPHONEOS_DEPLOYMENT_TARGET = 16.0;
				MARKETING_VERSION = 1.0;
				PRODUCT_BUNDLE_IDENTIFIER = com.flowtakt.FlowTaktTests;
				PRODUCT_NAME = "$(TARGET_NAME)";
				STRING_CATALOG_GENERATE_SYMBOLS = NO;
				SWIFT_APPROACHABLE_CONCURRENCY = YES;
				SWIFT_EMIT_LOC_STRINGS = NO;
				APP_INTENTS_METADATA_EXTRACTION = NO;
				SWIFT_UPCOMING_FEATURE_MEMBER_IMPORT_VISIBILITY = YES;
				SWIFT_VERSION = 5.0;
				TARGETED_DEVICE_FAMILY = "1,2";
				TEST_HOST = "$(BUILT_PRODUCTS_DIR)/FlowTakt.app/$(BUNDLE_EXECUTABLE_FOLDER_PATH)/FlowTakt";
			};
			name = Release;
		};
		CC10EC0E2FD7207F00FCF3F7 /* Debug */ = {
			isa = XCBuildConfiguration;
			buildSettings = {
				CODE_SIGN_STYLE = Automatic;
				CODE_SIGN_ENTITLEMENTS = FlowTakt/FlowTakt.entitlements;
				CURRENT_PROJECT_VERSION = 2;
				DEVELOPMENT_TEAM = CGVP85UZ44;
				GENERATE_INFOPLIST_FILE = YES;
				MARKETING_VERSION = 1.0;
				PRODUCT_BUNDLE_IDENTIFIER = com.flowtakt.FlowTaktUITests;
				PRODUCT_NAME = "$(TARGET_NAME)";
				STRING_CATALOG_GENERATE_SYMBOLS = NO;
				SWIFT_APPROACHABLE_CONCURRENCY = YES;
				SWIFT_EMIT_LOC_STRINGS = NO;
				APP_INTENTS_METADATA_EXTRACTION = NO;
				SWIFT_UPCOMING_FEATURE_MEMBER_IMPORT_VISIBILITY = YES;
				SWIFT_VERSION = 5.0;
				TARGETED_DEVICE_FAMILY = "1,2";
				TEST_TARGET_NAME = FlowTakt;
			};
			name = Debug;
		};
		CC10EC0F2FD7207F00FCF3F7 /* Release */ = {
			isa = XCBuildConfiguration;
			buildSettings = {
				CODE_SIGN_STYLE = Automatic;
				CODE_SIGN_ENTITLEMENTS = FlowTakt/FlowTakt.entitlements;
				CURRENT_PROJECT_VERSION = 2;
				DEVELOPMENT_TEAM = CGVP85UZ44;
				GENERATE_INFOPLIST_FILE = YES;
				MARKETING_VERSION = 1.0;
				PRODUCT_BUNDLE_IDENTIFIER = com.flowtakt.FlowTaktUITests;
				PRODUCT_NAME = "$(TARGET_NAME)";
				STRING_CATALOG_GENERATE_SYMBOLS = NO;
				SWIFT_APPROACHABLE_CONCURRENCY = YES;
				SWIFT_EMIT_LOC_STRINGS = NO;
				APP_INTENTS_METADATA_EXTRACTION = NO;
				SWIFT_UPCOMING_FEATURE_MEMBER_IMPORT_VISIBILITY = YES;
				SWIFT_VERSION = 5.0;
				TARGETED_DEVICE_FAMILY = "1,2";
				TEST_TARGET_NAME = FlowTakt;
			};
			name = Release;
		};
/* End XCBuildConfiguration section */

/* Begin XCConfigurationList section */
		CC10EBE12FD7207B00FCF3F7 /* Build configuration list for PBXProject "FlowTakt" */ = {
			isa = XCConfigurationList;
			buildConfigurations = (
				CC10EC052FD7207F00FCF3F7 /* Debug */,
				CC10EC062FD7207F00FCF3F7 /* Release */,
			);
			defaultConfigurationIsVisible = 0;
			defaultConfigurationName = Release;
		};
		CC10EC072FD7207F00FCF3F7 /* Build configuration list for PBXNativeTarget "FlowTakt" */ = {
			isa = XCConfigurationList;
			buildConfigurations = (
				CC10EC082FD7207F00FCF3F7 /* Debug */,
				CC10EC092FD7207F00FCF3F7 /* Release */,
			);
			defaultConfigurationIsVisible = 0;
			defaultConfigurationName = Release;
		};
		CC10EC0A2FD7207F00FCF3F7 /* Build configuration list for PBXNativeTarget "FlowTaktTests" */ = {
			isa = XCConfigurationList;
			buildConfigurations = (
				CC10EC0B2FD7207F00FCF3F7 /* Debug */,
				CC10EC0C2FD7207F00FCF3F7 /* Release */,
			);
			defaultConfigurationIsVisible = 0;
			defaultConfigurationName = Release;
		};
		CC10EC0D2FD7207F00FCF3F7 /* Build configuration list for PBXNativeTarget "FlowTaktUITests" */ = {
			isa = XCConfigurationList;
			buildConfigurations = (
				CC10EC0E2FD7207F00FCF3F7 /* Debug */,
				CC10EC0F2FD7207F00FCF3F7 /* Release */,
			);
			defaultConfigurationIsVisible = 0;
			defaultConfigurationName = Release;
		};
/* End XCConfigurationList section */
	};
	rootObject = CC10EBDE2FD7207B00FCF3F7 /* Project object */;
}
